
Microsoft Visual Studio Solution File, Format Version 12.00
# Visual Studio Version 17
VisualStudioVersion = 17.9.34622.214
MinimumVisualStudioVersion = 10.0.40219.1
Project("{FAE04EC0-301F-11D3-BF4B-00C04F79EFBC}") = "YnovPassword", "YnovPassword.csproj", "{507A126C-38AA-40F7-9704-3CA5E465042D}"
EndProject
Global
	GlobalSection(SolutionConfigurationPlatforms) = preSolution
		Debug|Any CPU = Debug|Any CPU
		Release|Any CPU = Release|Any CPU
	EndGlobalSection
	GlobalSection(ProjectConfigurationPlatforms) = postSolution
		{507A126C-38AA-40F7-9704-3CA5E465042D}.Debug|Any CPU.ActiveCfg = Debug|Any CPU
		{507A126C-38AA-40F7-9704-3CA5E465042D}.Debug|Any CPU.Build.0 = Debug|Any CPU
		{507A126C-38AA-40F7-9704-3CA5E465042D}.Release|Any CPU.ActiveCfg = Release|Any CPU
		{507A126C-38AA-40F7-9704-3CA5E465042D}.Release|Any CPU.Build.0 = Release|Any CPU
	EndGlobalSection
	GlobalSection(SolutionProperties) = preSolution
		HideSolutionNode = FALSE
	EndGlobalSection
	GlobalSection(ExtensibilityGlobals) = postSolution
		SolutionGuid = {908D1622-6C1F-43BD-830C-CE0E71558217}
	EndGlobalSection
EndGlobal
